{
  "name": "typescript_projects",
  "version": "1.0.0",
  "lockfileVersion": 2,
  "requires": true,
  "packages": {
    "": {
      "name": "typescript_projects",
      "version": "1.0.0",
      "license": "ISC",
      "dependencies": {
        "pandoc-ts": "^1.0.5"
      }
    },
    "node_modules/pandoc-ts": {
      "version": "1.0.5",
      "resolved": "https://registry.npmjs.org/pandoc-ts/-/pandoc-ts-1.0.5.tgz",
      "integrity": "sha512-heyotAzKnSiBRvXhKb0gkAQAl7Z+WZL087pHNKvU12dUq7j6GzKvLne+fRfXSMJYmFxEBMYyGjloHTvrwHYYrQ=="
    }
  },
  "dependencies": {
    "pandoc-ts": {
      "version": "1.0.5",
      "resolved": "https://registry.npmjs.org/pandoc-ts/-/pandoc-ts-1.0.5.tgz",
      "integrity": "sha512-heyotAzKnSiBRvXhKb0gkAQAl7Z+WZL087pHNKvU12dUq7j6GzKvLne+fRfXSMJYmFxEBMYyGjloHTvrwHYYrQ=="
    }
  }
}
